
Microsoft Visual Studio Solution File, Format Version 12.00
# Visual Studio Version 17
VisualStudioVersion = 17.0.31912.275
MinimumVisualStudioVersion = 10.0.40219.1
Project("{FAE04EC0-301F-11D3-BF4B-00C04F79EFBC}") = "Termly", "Termly\Termly.csproj", "{C292E3BE-1DF1-4DCF-8019-6650591566BC}"
EndProject
Global
	GlobalSection(SolutionConfigurationPlatforms) = preSolution
		Debug|Any CPU = Debug|Any CPU
		Release|Any CPU = Release|Any CPU
	EndGlobalSection
	GlobalSection(ProjectConfigurationPlatforms) = postSolution
		{C292E3BE-1DF1-4DCF-8019-6650591566BC}.Debug|Any CPU.ActiveCfg = Debug|Any CPU
		{C292E3BE-1DF1-4DCF-8019-6650591566BC}.Debug|Any CPU.Build.0 = Debug|Any CPU
		{C292E3BE-1DF1-4DCF-8019-6650591566BC}.Release|Any CPU.ActiveCfg = Release|Any CPU
		{C292E3BE-1DF1-4DCF-8019-6650591566BC}.Release|Any CPU.Build.0 = Release|Any CPU
	EndGlobalSection
	GlobalSection(SolutionProperties) = preSolution
		HideSolutionNode = FALSE
	EndGlobalSection
	GlobalSection(ExtensibilityGlobals) = postSolution
		SolutionGuid = {A8447D02-7492-43A8-8ECB-BD6D5CD9BF29}
	EndGlobalSection
EndGlobal
