
Microsoft Visual Studio Solution File, Format Version 12.00
# Visual Studio Version 17
VisualStudioVersion = 17.0.31912.275
MinimumVisualStudioVersion = 10.0.40219.1
Project("{9A19103F-16F7-4668-BE54-9A1E7A4F7556}") = "Termly", "Termly\Termly.csproj", "{C292E3BE-1DF1-4DCF-8019-6650591566BC}"
EndProject
Project("{9A19103F-16F7-4668-BE54-9A1E7A4F7556}") = "TermlyApp", "TermlyApp\TermlyApp.csproj", "{A56FD3ED-9616-47DC-BA4A-546401AD02FB}"
EndProject
Global
	GlobalSection(SolutionConfigurationPlatforms) = preSolution
		Debug|Any CPU = Debug|Any CPU
		Release|Any CPU = Release|Any CPU
	EndGlobalSection
	GlobalSection(ProjectConfigurationPlatforms) = postSolution
		{C292E3BE-1DF1-4DCF-8019-6650591566BC}.Debug|Any CPU.ActiveCfg = Debug|Any CPU
		{C292E3BE-1DF1-4DCF-8019-6650591566BC}.Debug|Any CPU.Build.0 = Debug|Any CPU
		{C292E3BE-1DF1-4DCF-8019-6650591566BC}.Release|Any CPU.ActiveCfg = Release|Any CPU
		{C292E3BE-1DF1-4DCF-8019-6650591566BC}.Release|Any CPU.Build.0 = Release|Any CPU
		{A56FD3ED-9616-47DC-BA4A-546401AD02FB}.Debug|Any CPU.ActiveCfg = Debug|Any CPU
		{A56FD3ED-9616-47DC-BA4A-546401AD02FB}.Debug|Any CPU.Build.0 = Debug|Any CPU
		{A56FD3ED-9616-47DC-BA4A-546401AD02FB}.Release|Any CPU.ActiveCfg = Release|Any CPU
		{A56FD3ED-9616-47DC-BA4A-546401AD02FB}.Release|Any CPU.Build.0 = Release|Any CPU
	EndGlobalSection
	GlobalSection(SolutionProperties) = preSolution
		HideSolutionNode = FALSE
	EndGlobalSection
	GlobalSection(ExtensibilityGlobals) = postSolution
		SolutionGuid = {A8447D02-7492-43A8-8ECB-BD6D5CD9BF29}
	EndGlobalSection
EndGlobal
